// !$*UTF8*$!
{
	archiveVersion = 1;
	classes = {
	};
	objectVersion = 50;
	objects = {

/* Begin PBXBuildFile section */
		5F0BD7DC2708E2A900780F5C /* AddNoteViewController.swift in Sources */ = {isa = PBXBuildFile; fileRef = 5F0BD7DB2708E2A900780F5C /* AddNoteViewController.swift */; };
		5F0BD7E12708E2BF00780F5C /* ViewNoteViewController.swift in Sources */ = {isa = PBXBuildFile; fileRef = 5F0BD7E02708E2BF00780F5C /* ViewNoteViewController.swift */; };
		5F0BD7E62709946C00780F5C /* CoreDataHandler.swift in Sources */ = {isa = PBXBuildFile; fileRef = 5F0BD7E52709946C00780F5C /* CoreDataHandler.swift */; };
		5F0BD7EF2709B66800780F5C /* NoteTableViewCell.swift in Sources */ = {isa = PBXBuildFile; fileRef = 5F0BD7EE2709B66800780F5C /* NoteTableViewCell.swift */; };
		5F0BD7F42709BB5E00780F5C /* NoteDetailViewController.swift in Sources */ = {isa = PBXBuildFile; fileRef = 5F0BD7F32709BB5E00780F5C /* NoteDetailViewController.swift */; };
		5F643B0327080FAC00328B2B /* AppDelegate.swift in Sources */ = {isa = PBXBuildFile; fileRef = 5F643B0227080FAC00328B2B /* AppDelegate.swift */; };
		5F643B0527080FAC00328B2B /* SceneDelegate.swift in Sources */ = {isa = PBXBuildFile; fileRef = 5F643B0427080FAC00328B2B /* SceneDelegate.swift */; };
		5F643B0727080FAC00328B2B /* QRScannerViewController.swift in Sources */ = {isa = PBXBuildFile; fileRef = 5F643B0627080FAC00328B2B /* QRScannerViewController.swift */; };
		5F643B0A27080FAC00328B2B /* Main.storyboard in Resources */ = {isa = PBXBuildFile; fileRef = 5F643B0827080FAC00328B2B /* Main.storyboard */; };
		5F643B0D27080FAC00328B2B /* MyNotes.xcdatamodeld in Sources */ = {isa = PBXBuildFile; fileRef = 5F643B0B27080FAC00328B2B /* MyNotes.xcdatamodeld */; };
		5F643B0F27080FAF00328B2B /* Assets.xcassets in Resources */ = {isa = PBXBuildFile; fileRef = 5F643B0E27080FAF00328B2B /* Assets.xcassets */; };
		5F643B1227080FAF00328B2B /* LaunchScreen.storyboard in Resources */ = {isa = PBXBuildFile; fileRef = 5F643B1027080FAF00328B2B /* LaunchScreen.storyboard */; };
		5F643B1D27080FB000328B2B /* MyNotesTests.swift in Sources */ = {isa = PBXBuildFile; fileRef = 5F643B1C27080FB000328B2B /* MyNotesTests.swift */; };
		5F643B2827080FB000328B2B /* MyNotesUITests.swift in Sources */ = {isa = PBXBuildFile; fileRef = 5F643B2727080FB000328B2B /* MyNotesUITests.swift */; };
		5F643B4927083CBA00328B2B /* QRData.swift in Sources */ = {isa = PBXBuildFile; fileRef = 5F643B4827083CBA00328B2B /* QRData.swift */; };
		5F643B4E2708490E00328B2B /* QRScannerView.swift in Sources */ = {isa = PBXBuildFile; fileRef = 5F643B4D2708490E00328B2B /* QRScannerView.swift */; };
		5F643B5627084A6300328B2B /* HomeViewController.swift in Sources */ = {isa = PBXBuildFile; fileRef = 5F643B5527084A6300328B2B /* HomeViewController.swift */; };
		5F643B5B27085BE500328B2B /* ExtentionUIViewController.swift in Sources */ = {isa = PBXBuildFile; fileRef = 5F643B5A27085BE500328B2B /* ExtentionUIViewController.swift */; };
		5F643B61270893E600328B2B /* RoundButtonView.swift in Sources */ = {isa = PBXBuildFile; fileRef = 5F643B60270893E600328B2B /* RoundButtonView.swift */; };
		5F643B782708C77E00328B2B /* UserDataClass.swift in Sources */ = {isa = PBXBuildFile; fileRef = 5F643B772708C77E00328B2B /* UserDataClass.swift */; };
		5F643B7D2708C7AB00328B2B /* UserDataProperties.swift in Sources */ = {isa = PBXBuildFile; fileRef = 5F643B7C2708C7AB00328B2B /* UserDataProperties.swift */; };
		5F643B822708C7C000328B2B /* NoteDataClass.swift in Sources */ = {isa = PBXBuildFile; fileRef = 5F643B812708C7C000328B2B /* NoteDataClass.swift */; };
		5F643B872708C7D000328B2B /* NoteDataProperties.swift in Sources */ = {isa = PBXBuildFile; fileRef = 5F643B862708C7D000328B2B /* NoteDataProperties.swift */; };
/* End PBXBuildFile section */

/* Begin PBXContainerItemProxy section */
		5F643B1927080FB000328B2B /* PBXContainerItemProxy */ = {
			isa = PBXContainerItemProxy;
			containerPortal = 5F643AF727080FAC00328B2B /* Project object */;
			proxyType = 1;
			remoteGlobalIDString = 5F643AFE27080FAC00328B2B;
			remoteInfo = MyNotes;
		};
		5F643B2427080FB000328B2B /* PBXContainerItemProxy */ = {
			isa = PBXContainerItemProxy;
			containerPortal = 5F643AF727080FAC00328B2B /* Project object */;
			proxyType = 1;
			remoteGlobalIDString = 5F643AFE27080FAC00328B2B;
			remoteInfo = MyNotes;
		};
/* End PBXContainerItemProxy section */

/* Begin PBXFileReference section */
		5F0BD7DB2708E2A900780F5C /* AddNoteViewController.swift */ = {isa = PBXFileReference; lastKnownFileType = sourcecode.swift; path = AddNoteViewController.swift; sourceTree = "<group>"; };
		5F0BD7E02708E2BF00780F5C /* ViewNoteViewController.swift */ = {isa = PBXFileReference; lastKnownFileType = sourcecode.swift; path = ViewNoteViewController.swift; sourceTree = "<group>"; };
		5F0BD7E52709946C00780F5C /* CoreDataHandler.swift */ = {isa = PBXFileReference; lastKnownFileType = sourcecode.swift; path = CoreDataHandler.swift; sourceTree = "<group>"; };
		5F0BD7EE2709B66800780F5C /* NoteTableViewCell.swift */ = {isa = PBXFileReference; lastKnownFileType = sourcecode.swift; path = NoteTableViewCell.swift; sourceTree = "<group>"; };
		5F0BD7F32709BB5E00780F5C /* NoteDetailViewController.swift */ = {isa = PBXFileReference; lastKnownFileType = sourcecode.swift; path = NoteDetailViewController.swift; sourceTree = "<group>"; };
		5F643AFF27080FAC00328B2B /* MyNotes.app */ = {isa = PBXFileReference; explicitFileType = wrapper.application; includeInIndex = 0; path = MyNotes.app; sourceTree = BUILT_PRODUCTS_DIR; };
		5F643B0227080FAC00328B2B /* AppDelegate.swift */ = {isa = PBXFileReference; lastKnownFileType = sourcecode.swift; path = AppDelegate.swift; sourceTree = "<group>"; };
		5F643B0427080FAC00328B2B /* SceneDelegate.swift */ = {isa = PBXFileReference; lastKnownFileType = sourcecode.swift; path = SceneDelegate.swift; sourceTree = "<group>"; };
		5F643B0627080FAC00328B2B /* QRScannerViewController.swift */ = {isa = PBXFileReference; lastKnownFileType = sourcecode.swift; path = QRScannerViewController.swift; sourceTree = "<group>"; };
		5F643B0927080FAC00328B2B /* Base */ = {isa = PBXFileReference; lastKnownFileType = file.storyboard; name = Base; path = Base.lproj/Main.storyboard; sourceTree = "<group>"; };
		5F643B0C27080FAC00328B2B /* MyNotes.xcdatamodel */ = {isa = PBXFileReference; lastKnownFileType = wrapper.xcdatamodel; path = MyNotes.xcdatamodel; sourceTree = "<group>"; };
		5F643B0E27080FAF00328B2B /* Assets.xcassets */ = {isa = PBXFileReference; lastKnownFileType = folder.assetcatalog; path = Assets.xcassets; sourceTree = "<group>"; };
		5F643B1127080FAF00328B2B /* Base */ = {isa = PBXFileReference; lastKnownFileType = file.storyboard; name = Base; path = Base.lproj/LaunchScreen.storyboard; sourceTree = "<group>"; };
		5F643B1327080FAF00328B2B /* Info.plist */ = {isa = PBXFileReference; lastKnownFileType = text.plist.xml; path = Info.plist; sourceTree = "<group>"; };
		5F643B1827080FB000328B2B /* MyNotesTests.xctest */ = {isa = PBXFileReference; explicitFileType = wrapper.cfbundle; includeInIndex = 0; path = MyNotesTests.xctest; sourceTree = BUILT_PRODUCTS_DIR; };
		5F643B1C27080FB000328B2B /* MyNotesTests.swift */ = {isa = PBXFileReference; lastKnownFileType = sourcecode.swift; path = MyNotesTests.swift; sourceTree = "<group>"; };
		5F643B1E27080FB000328B2B /* Info.plist */ = {isa = PBXFileReference; lastKnownFileType = text.plist.xml; path = Info.plist; sourceTree = "<group>"; };
		5F643B2327080FB000328B2B /* MyNotesUITests.xctest */ = {isa = PBXFileReference; explicitFileType = wrapper.cfbundle; includeInIndex = 0; path = MyNotesUITests.xctest; sourceTree = BUILT_PRODUCTS_DIR; };
		5F643B2727080FB000328B2B /* MyNotesUITests.swift */ = {isa = PBXFileReference; lastKnownFileType = sourcecode.swift; path = MyNotesUITests.swift; sourceTree = "<group>"; };
		5F643B2927080FB000328B2B /* Info.plist */ = {isa = PBXFileReference; lastKnownFileType = text.plist.xml; path = Info.plist; sourceTree = "<group>"; };
		5F643B4827083CBA00328B2B /* QRData.swift */ = {isa = PBXFileReference; lastKnownFileType = sourcecode.swift; path = QRData.swift; sourceTree = "<group>"; };
		5F643B4D2708490E00328B2B /* QRScannerView.swift */ = {isa = PBXFileReference; lastKnownFileType = sourcecode.swift; path = QRScannerView.swift; sourceTree = "<group>"; };
		5F643B5527084A6300328B2B /* HomeViewController.swift */ = {isa = PBXFileReference; lastKnownFileType = sourcecode.swift; path = HomeViewController.swift; sourceTree = "<group>"; };
		5F643B5A27085BE500328B2B /* ExtentionUIViewController.swift */ = {isa = PBXFileReference; lastKnownFileType = sourcecode.swift; path = ExtentionUIViewController.swift; sourceTree = "<group>"; };
		5F643B60270893E600328B2B /* RoundButtonView.swift */ = {isa = PBXFileReference; lastKnownFileType = sourcecode.swift; path = RoundButtonView.swift; sourceTree = "<group>"; };
		5F643B772708C77E00328B2B /* UserDataClass.swift */ = {isa = PBXFileReference; lastKnownFileType = sourcecode.swift; path = UserDataClass.swift; sourceTree = "<group>"; };
		5F643B7C2708C7AB00328B2B /* UserDataProperties.swift */ = {isa = PBXFileReference; lastKnownFileType = sourcecode.swift; path = UserDataProperties.swift; sourceTree = "<group>"; };
		5F643B812708C7C000328B2B /* NoteDataClass.swift */ = {isa = PBXFileReference; lastKnownFileType = sourcecode.swift; path = NoteDataClass.swift; sourceTree = "<group>"; };
		5F643B862708C7D000328B2B /* NoteDataProperties.swift */ = {isa = PBXFileReference; lastKnownFileType = sourcecode.swift; path = NoteDataProperties.swift; sourceTree = "<group>"; };
/* End PBXFileReference section */

/* Begin PBXFrameworksBuildPhase section */
		5F643AFC27080FAC00328B2B /* Frameworks */ = {
			isa = PBXFrameworksBuildPhase;
			buildActionMask = 2147483647;
			files = (
			);
			runOnlyForDeploymentPostprocessing = 0;
		};
		5F643B1527080FB000328B2B /* Frameworks */ = {
			isa = PBXFrameworksBuildPhase;
			buildActionMask = 2147483647;
			files = (
			);
			runOnlyForDeploymentPostprocessing = 0;
		};
		5F643B2027080FB000328B2B /* Frameworks */ = {
			isa = PBXFrameworksBuildPhase;
			buildActionMask = 2147483647;
			files = (
			);
			runOnlyForDeploymentPostprocessing = 0;
		};
/* End PBXFrameworksBuildPhase section */

/* Begin PBXGroup section */
		5F0BD7EA2709B59900780F5C /* CellView */ = {
			isa = PBXGroup;
			children = (
				5F0BD7EE2709B66800780F5C /* NoteTableViewCell.swift */,
			);
			path = CellView;
			sourceTree = "<group>";
		};
		5F643AF627080FAC00328B2B = {
			isa = PBXGroup;
			children = (
				5F643B0127080FAC00328B2B /* MyNotes */,
				5F643B1B27080FB000328B2B /* MyNotesTests */,
				5F643B2627080FB000328B2B /* MyNotesUITests */,
				5F643B0027080FAC00328B2B /* Products */,
			);
			sourceTree = "<group>";
		};
		5F643B0027080FAC00328B2B /* Products */ = {
			isa = PBXGroup;
			children = (
				5F643AFF27080FAC00328B2B /* MyNotes.app */,
				5F643B1827080FB000328B2B /* MyNotesTests.xctest */,
				5F643B2327080FB000328B2B /* MyNotesUITests.xctest */,
			);
			name = Products;
			sourceTree = "<group>";
		};
		5F643B0127080FAC00328B2B /* MyNotes */ = {
			isa = PBXGroup;
			children = (
				5F643B0227080FAC00328B2B /* AppDelegate.swift */,
				5F643B5F270893B200328B2B /* Component */,
				5F643B3F270835F100328B2B /* Helper */,
				5F643B3E270835BC00328B2B /* Extention */,
				5F643B3B2708351000328B2B /* Controller */,
				5F643B3A270834F400328B2B /* Model */,
				5F643B39270834E100328B2B /* View */,
				5F643B0427080FAC00328B2B /* SceneDelegate.swift */,
				5F643B0E27080FAF00328B2B /* Assets.xcassets */,
				5F643B1027080FAF00328B2B /* LaunchScreen.storyboard */,
				5F643B1327080FAF00328B2B /* Info.plist */,
				5F643B0B27080FAC00328B2B /* MyNotes.xcdatamodeld */,
			);
			path = MyNotes;
			sourceTree = "<group>";
		};
		5F643B1B27080FB000328B2B /* MyNotesTests */ = {
			isa = PBXGroup;
			children = (
				5F643B1C27080FB000328B2B /* MyNotesTests.swift */,
				5F643B1E27080FB000328B2B /* Info.plist */,
			);
			path = MyNotesTests;
			sourceTree = "<group>";
		};
		5F643B2627080FB000328B2B /* MyNotesUITests */ = {
			isa = PBXGroup;
			children = (
				5F643B2727080FB000328B2B /* MyNotesUITests.swift */,
				5F643B2927080FB000328B2B /* Info.plist */,
			);
			path = MyNotesUITests;
			sourceTree = "<group>";
		};
		5F643B39270834E100328B2B /* View */ = {
			isa = PBXGroup;
			children = (
				5F0BD7EA2709B59900780F5C /* CellView */,
				5F643B3C2708352300328B2B /* Storyboard */,
				5F643B4D2708490E00328B2B /* QRScannerView.swift */,
			);
			path = View;
			sourceTree = "<group>";
		};
		5F643B3A270834F400328B2B /* Model */ = {
			isa = PBXGroup;
			children = (
				5F643B692708C5BF00328B2B /* CoreData */,
				5F643B4827083CBA00328B2B /* QRData.swift */,
			);
			path = Model;
			sourceTree = "<group>";
		};
		5F643B3B2708351000328B2B /* Controller */ = {
			isa = PBXGroup;
			children = (
				5F643B0627080FAC00328B2B /* QRScannerViewController.swift */,
				5F643B5527084A6300328B2B /* HomeViewController.swift */,
				5F0BD7DB2708E2A900780F5C /* AddNoteViewController.swift */,
				5F0BD7E02708E2BF00780F5C /* ViewNoteViewController.swift */,
				5F0BD7F32709BB5E00780F5C /* NoteDetailViewController.swift */,
			);
			path = Controller;
			sourceTree = "<group>";
		};
		5F643B3C2708352300328B2B /* Storyboard */ = {
			isa = PBXGroup;
			children = (
				5F643B0827080FAC00328B2B /* Main.storyboard */,
			);
			path = Storyboard;
			sourceTree = "<group>";
		};
		5F643B3E270835BC00328B2B /* Extention */ = {
			isa = PBXGroup;
			children = (
				5F643B5A27085BE500328B2B /* ExtentionUIViewController.swift */,
			);
			path = Extention;
			sourceTree = "<group>";
		};
		5F643B3F270835F100328B2B /* Helper */ = {
			isa = PBXGroup;
			children = (
				5F0BD7E52709946C00780F5C /* CoreDataHandler.swift */,
			);
			path = Helper;
			sourceTree = "<group>";
		};
		5F643B5F270893B200328B2B /* Component */ = {
			isa = PBXGroup;
			children = (
				5F643B60270893E600328B2B /* RoundButtonView.swift */,
			);
			path = Component;
			sourceTree = "<group>";
		};
		5F643B692708C5BF00328B2B /* CoreData */ = {
			isa = PBXGroup;
			children = (
				5F643B772708C77E00328B2B /* UserDataClass.swift */,
				5F643B7C2708C7AB00328B2B /* UserDataProperties.swift */,
				5F643B812708C7C000328B2B /* NoteDataClass.swift */,
				5F643B862708C7D000328B2B /* NoteDataProperties.swift */,
			);
			path = CoreData;
			sourceTree = "<group>";
		};
/* End PBXGroup section */

/* Begin PBXNativeTarget section */
		5F643AFE27080FAC00328B2B /* MyNotes */ = {
			isa = PBXNativeTarget;
			buildConfigurationList = 5F643B2C27080FB000328B2B /* Build configuration list for PBXNativeTarget "MyNotes" */;
			buildPhases = (
				5F643AFB27080FAC00328B2B /* Sources */,
				5F643AFC27080FAC00328B2B /* Frameworks */,
				5F643AFD27080FAC00328B2B /* Resources */,
			);
			buildRules = (
			);
			dependencies = (
			);
			name = MyNotes;
			productName = MyNotes;
			productReference = 5F643AFF27080FAC00328B2B /* MyNotes.app */;
			productType = "com.apple.product-type.application";
		};
		5F643B1727080FB000328B2B /* MyNotesTests */ = {
			isa = PBXNativeTarget;
			buildConfigurationList = 5F643B2F27080FB000328B2B /* Build configuration list for PBXNativeTarget "MyNotesTests" */;
			buildPhases = (
				5F643B1427080FB000328B2B /* Sources */,
				5F643B1527080FB000328B2B /* Frameworks */,
				5F643B1627080FB000328B2B /* Resources */,
			);
			buildRules = (
			);
			dependencies = (
				5F643B1A27080FB000328B2B /* PBXTargetDependency */,
			);
			name = MyNotesTests;
			productName = MyNotesTests;
			productReference = 5F643B1827080FB000328B2B /* MyNotesTests.xctest */;
			productType = "com.apple.product-type.bundle.unit-test";
		};
		5F643B2227080FB000328B2B /* MyNotesUITests */ = {
			isa = PBXNativeTarget;
			buildConfigurationList = 5F643B3227080FB000328B2B /* Build configuration list for PBXNativeTarget "MyNotesUITests" */;
			buildPhases = (
				5F643B1F27080FB000328B2B /* Sources */,
				5F643B2027080FB000328B2B /* Frameworks */,
				5F643B2127080FB000328B2B /* Resources */,
			);
			buildRules = (
			);
			dependencies = (
				5F643B2527080FB000328B2B /* PBXTargetDependency */,
			);
			name = MyNotesUITests;
			productName = MyNotesUITests;
			productReference = 5F643B2327080FB000328B2B /* MyNotesUITests.xctest */;
			productType = "com.apple.product-type.bundle.ui-testing";
		};
/* End PBXNativeTarget section */

/* Begin PBXProject section */
		5F643AF727080FAC00328B2B /* Project object */ = {
			isa = PBXProject;
			attributes = {
				LastSwiftUpdateCheck = 1240;
				LastUpgradeCheck = 1240;
				TargetAttributes = {
					5F643AFE27080FAC00328B2B = {
						CreatedOnToolsVersion = 12.4;
					};
					5F643B1727080FB000328B2B = {
						CreatedOnToolsVersion = 12.4;
						TestTargetID = 5F643AFE27080FAC00328B2B;
					};
					5F643B2227080FB000328B2B = {
						CreatedOnToolsVersion = 12.4;
						TestTargetID = 5F643AFE27080FAC00328B2B;
					};
				};
			};
			buildConfigurationList = 5F643AFA27080FAC00328B2B /* Build configuration list for PBXProject "MyNotes" */;
			compatibilityVersion = "Xcode 9.3";
			developmentRegion = en;
			hasScannedForEncodings = 0;
			knownRegions = (
				en,
				Base,
			);
			mainGroup = 5F643AF627080FAC00328B2B;
			productRefGroup = 5F643B0027080FAC00328B2B /* Products */;
			projectDirPath = "";
			projectRoot = "";
			targets = (
				5F643AFE27080FAC00328B2B /* MyNotes */,
				5F643B1727080FB000328B2B /* MyNotesTests */,
				5F643B2227080FB000328B2B /* MyNotesUITests */,
			);
		};
/* End PBXProject section */

/* Begin PBXResourcesBuildPhase section */
		5F643AFD27080FAC00328B2B /* Resources */ = {
			isa = PBXResourcesBuildPhase;
			buildActionMask = 2147483647;
			files = (
				5F643B1227080FAF00328B2B /* LaunchScreen.storyboard in Resources */,
				5F643B0F27080FAF00328B2B /* Assets.xcassets in Resources */,
				5F643B0A27080FAC00328B2B /* Main.storyboard in Resources */,
			);
			runOnlyForDeploymentPostprocessing = 0;
		};
		5F643B1627080FB000328B2B /* Resources */ = {
			isa = PBXResourcesBuildPhase;
			buildActionMask = 2147483647;
			files = (
			);
			runOnlyForDeploymentPostprocessing = 0;
		};
		5F643B2127080FB000328B2B /* Resources */ = {
			isa = PBXResourcesBuildPhase;
			buildActionMask = 2147483647;
			files = (
			);
			runOnlyForDeploymentPostprocessing = 0;
		};
/* End PBXResourcesBuildPhase section */

/* Begin PBXSourcesBuildPhase section */
		5F643AFB27080FAC00328B2B /* Sources */ = {
			isa = PBXSourcesBuildPhase;
			buildActionMask = 2147483647;
			files = (
				5F0BD7DC2708E2A900780F5C /* AddNoteViewController.swift in Sources */,
				5F0BD7E62709946C00780F5C /* CoreDataHandler.swift in Sources */,
				5F643B0727080FAC00328B2B /* QRScannerViewController.swift in Sources */,
				5F643B7D2708C7AB00328B2B /* UserDataProperties.swift in Sources */,
				5F643B0327080FAC00328B2B /* AppDelegate.swift in Sources */,
				5F643B0527080FAC00328B2B /* SceneDelegate.swift in Sources */,
				5F643B822708C7C000328B2B /* NoteDataClass.swift in Sources */,
				5F643B0D27080FAC00328B2B /* MyNotes.xcdatamodeld in Sources */,
				5F643B4E2708490E00328B2B /* QRScannerView.swift in Sources */,
				5F643B872708C7D000328B2B /* NoteDataProperties.swift in Sources */,
				5F643B782708C77E00328B2B /* UserDataClass.swift in Sources */,
				5F0BD7F42709BB5E00780F5C /* NoteDetailViewController.swift in Sources */,
				5F0BD7E12708E2BF00780F5C /* ViewNoteViewController.swift in Sources */,
				5F643B5B27085BE500328B2B /* ExtentionUIViewController.swift in Sources */,
				5F643B5627084A6300328B2B /* HomeViewController.swift in Sources */,
				5F643B61270893E600328B2B /* RoundButtonView.swift in Sources */,
				5F643B4927083CBA00328B2B /* QRData.swift in Sources */,
				5F0BD7EF2709B66800780F5C /* NoteTableViewCell.swift in Sources */,
			);
			runOnlyForDeploymentPostprocessing = 0;
		};
		5F643B1427080FB000328B2B /* Sources */ = {
			isa = PBXSourcesBuildPhase;
			buildActionMask = 2147483647;
			files = (
				5F643B1D27080FB000328B2B /* MyNotesTests.swift in Sources */,
			);
			runOnlyForDeploymentPostprocessing = 0;
		};
		5F643B1F27080FB000328B2B /* Sources */ = {
			isa = PBXSourcesBuildPhase;
			buildActionMask = 2147483647;
			files = (
				5F643B2827080FB000328B2B /* MyNotesUITests.swift in Sources */,
			);
			runOnlyForDeploymentPostprocessing = 0;
		};
/* End PBXSourcesBuildPhase section */

/* Begin PBXTargetDependency section */
		5F643B1A27080FB000328B2B /* PBXTargetDependency */ = {
			isa = PBXTargetDependency;
			target = 5F643AFE27080FAC00328B2B /* MyNotes */;
			targetProxy = 5F643B1927080FB000328B2B /* PBXContainerItemProxy */;
		};
		5F643B2527080FB000328B2B /* PBXTargetDependency */ = {
			isa = PBXTargetDependency;
			target = 5F643AFE27080FAC00328B2B /* MyNotes */;
			targetProxy = 5F643B2427080FB000328B2B /* PBXContainerItemProxy */;
		};
/* End PBXTargetDependency section */

/* Begin PBXVariantGroup section */
		5F643B0827080FAC00328B2B /* Main.storyboard */ = {
			isa = PBXVariantGroup;
			children = (
				5F643B0927080FAC00328B2B /* Base */,
			);
			name = Main.storyboard;
			sourceTree = "<group>";
		};
		5F643B1027080FAF00328B2B /* LaunchScreen.storyboard */ = {
			isa = PBXVariantGroup;
			children = (
				5F643B1127080FAF00328B2B /* Base */,
			);
			name = LaunchScreen.storyboard;
			sourceTree = "<group>";
		};
/* End PBXVariantGroup section */

/* Begin XCBuildConfiguration section */
		5F643B2A27080FB000328B2B /* Debug */ = {
			isa = XCBuildConfiguration;
			buildSettings = {
				ALWAYS_SEARCH_USER_PATHS = NO;
				CLANG_ANALYZER_NONNULL = YES;
				CLANG_ANALYZER_NUMBER_OBJECT_CONVERSION = YES_AGGRESSIVE;
				CLANG_CXX_LANGUAGE_STANDARD = "gnu++14";
				CLANG_CXX_LIBRARY = "libc++";
				CLANG_ENABLE_MODULES = YES;
				CLANG_ENABLE_OBJC_ARC = YES;
				CLANG_ENABLE_OBJC_WEAK = YES;
				CLANG_WARN_BLOCK_CAPTURE_AUTORELEASING = YES;
				CLANG_WARN_BOOL_CONVERSION = YES;
				CLANG_WARN_COMMA = YES;
				CLANG_WARN_CONSTANT_CONVERSION = YES;
				CLANG_WARN_DEPRECATED_OBJC_IMPLEMENTATIONS = YES;
				CLANG_WARN_DIRECT_OBJC_ISA_USAGE = YES_ERROR;
				CLANG_WARN_DOCUMENTATION_COMMENTS = YES;
				CLANG_WARN_EMPTY_BODY = YES;
				CLANG_WARN_ENUM_CONVERSION = YES;
				CLANG_WARN_INFINITE_RECURSION = YES;
				CLANG_WARN_INT_CONVERSION = YES;
				CLANG_WARN_NON_LITERAL_NULL_CONVERSION = YES;
				CLANG_WARN_OBJC_IMPLICIT_RETAIN_SELF = YES;
				CLANG_WARN_OBJC_LITERAL_CONVERSION = YES;
				CLANG_WARN_OBJC_ROOT_CLASS = YES_ERROR;
				CLANG_WARN_QUOTED_INCLUDE_IN_FRAMEWORK_HEADER = YES;
				CLANG_WARN_RANGE_LOOP_ANALYSIS = YES;
				CLANG_WARN_STRICT_PROTOTYPES = YES;
				CLANG_WARN_SUSPICIOUS_MOVE = YES;
				CLANG_WARN_UNGUARDED_AVAILABILITY = YES_AGGRESSIVE;
				CLANG_WARN_UNREACHABLE_CODE = YES;
				CLANG_WARN__DUPLICATE_METHOD_MATCH = YES;
				COPY_PHASE_STRIP = NO;
				DEBUG_INFORMATION_FORMAT = dwarf;
				ENABLE_STRICT_OBJC_MSGSEND = YES;
				ENABLE_TESTABILITY = YES;
				GCC_C_LANGUAGE_STANDARD = gnu11;
				GCC_DYNAMIC_NO_PIC = NO;
				GCC_NO_COMMON_BLOCKS = NO;
				GCC_OPTIMIZATION_LEVEL = 0;
				GCC_PREPROCESSOR_DEFINITIONS = (
					"DEBUG=1",
					"$(inherited)",
				);
				GCC_WARN_64_TO_32_BIT_CONVERSION = YES;
				GCC_WARN_ABOUT_RETURN_TYPE = YES_ERROR;
				GCC_WARN_UNDECLARED_SELECTOR = YES;
				GCC_WARN_UNINITIALIZED_AUTOS = YES_AGGRESSIVE;
				GCC_WARN_UNUSED_FUNCTION = YES;
				GCC_WARN_UNUSED_VARIABLE = YES;
				IPHONEOS_DEPLOYMENT_TARGET = 14.4;
				MTL_ENABLE_DEBUG_INFO = INCLUDE_SOURCE;
				MTL_FAST_MATH = YES;
				ONLY_ACTIVE_ARCH = YES;
				SDKROOT = iphoneos;
				SWIFT_ACTIVE_COMPILATION_CONDITIONS = DEBUG;
				SWIFT_OPTIMIZATION_LEVEL = "-Onone";
			};
			name = Debug;
		};
		5F643B2B27080FB000328B2B /* Release */ = {
			isa = XCBuildConfiguration;
			buildSettings = {
				ALWAYS_SEARCH_USER_PATHS = NO;
				CLANG_ANALYZER_NONNULL = YES;
				CLANG_ANALYZER_NUMBER_OBJECT_CONVERSION = YES_AGGRESSIVE;
				CLANG_CXX_LANGUAGE_STANDARD = "gnu++14";
				CLANG_CXX_LIBRARY = "libc++";
				CLANG_ENABLE_MODULES = YES;
				CLANG_ENABLE_OBJC_ARC = YES;
				CLANG_ENABLE_OBJC_WEAK = YES;
				CLANG_WARN_BLOCK_CAPTURE_AUTORELEASING = YES;
				CLANG_WARN_BOOL_CONVERSION = YES;
				CLANG_WARN_COMMA = YES;
				CLANG_WARN_CONSTANT_CONVERSION = YES;
				CLANG_WARN_DEPRECATED_OBJC_IMPLEMENTATIONS = YES;
				CLANG_WARN_DIRECT_OBJC_ISA_USAGE = YES_ERROR;
				CLANG_WARN_DOCUMENTATION_COMMENTS = YES;
				CLANG_WARN_EMPTY_BODY = YES;
				CLANG_WARN_ENUM_CONVERSION = YES;
				CLANG_WARN_INFINITE_RECURSION = YES;
				CLANG_WARN_INT_CONVERSION = YES;
				CLANG_WARN_NON_LITERAL_NULL_CONVERSION = YES;
				CLANG_WARN_OBJC_IMPLICIT_RETAIN_SELF = YES;
				CLANG_WARN_OBJC_LITERAL_CONVERSION = YES;
				CLANG_WARN_OBJC_ROOT_CLASS = YES_ERROR;
				CLANG_WARN_QUOTED_INCLUDE_IN_FRAMEWORK_HEADER = YES;
				CLANG_WARN_RANGE_LOOP_ANALYSIS = YES;
				CLANG_WARN_STRICT_PROTOTYPES = YES;
				CLANG_WARN_SUSPICIOUS_MOVE = YES;
				CLANG_WARN_UNGUARDED_AVAILABILITY = YES_AGGRESSIVE;
				CLANG_WARN_UNREACHABLE_CODE = YES;
				CLANG_WARN__DUPLICATE_METHOD_MATCH = YES;
				COPY_PHASE_STRIP = NO;
				DEBUG_INFORMATION_FORMAT = "dwarf-with-dsym";
				ENABLE_NS_ASSERTIONS = NO;
				ENABLE_STRICT_OBJC_MSGSEND = YES;
				GCC_C_LANGUAGE_STANDARD = gnu11;
				GCC_NO_COMMON_BLOCKS = NO;
				GCC_WARN_64_TO_32_BIT_CONVERSION = YES;
				GCC_WARN_ABOUT_RETURN_TYPE = YES_ERROR;
				GCC_WARN_UNDECLARED_SELECTOR = YES;
				GCC_WARN_UNINITIALIZED_AUTOS = YES_AGGRESSIVE;
				GCC_WARN_UNUSED_FUNCTION = YES;
				GCC_WARN_UNUSED_VARIABLE = YES;
				IPHONEOS_DEPLOYMENT_TARGET = 14.4;
				MTL_ENABLE_DEBUG_INFO = NO;
				MTL_FAST_MATH = YES;
				SDKROOT = iphoneos;
				SWIFT_COMPILATION_MODE = wholemodule;
				SWIFT_OPTIMIZATION_LEVEL = "-O";
				VALIDATE_PRODUCT = YES;
			};
			name = Release;
		};
		5F643B2D27080FB000328B2B /* Debug */ = {
			isa = XCBuildConfiguration;
			buildSettings = {
				ASSETCATALOG_COMPILER_APPICON_NAME = AppIcon;
				ASSETCATALOG_COMPILER_GLOBAL_ACCENT_COLOR_NAME = AccentColor;
				CODE_SIGN_STYLE = Automatic;
				DEVELOPMENT_TEAM = S8A9HG39ZC;
				INFOPLIST_FILE = MyNotes/Info.plist;
				LD_RUNPATH_SEARCH_PATHS = (
					"$(inherited)",
					"@executable_path/Frameworks",
				);
				PRODUCT_BUNDLE_IDENTIFIER = saks.com.MyNotes;
				PRODUCT_NAME = "$(TARGET_NAME)";
				SWIFT_VERSION = 5.0;
				TARGETED_DEVICE_FAMILY = "1,2";
			};
			name = Debug;
		};
		5F643B2E27080FB000328B2B /* Release */ = {
			isa = XCBuildConfiguration;
			buildSettings = {
				ASSETCATALOG_COMPILER_APPICON_NAME = AppIcon;
				ASSETCATALOG_COMPILER_GLOBAL_ACCENT_COLOR_NAME = AccentColor;
				CODE_SIGN_STYLE = Automatic;
				DEVELOPMENT_TEAM = S8A9HG39ZC;
				INFOPLIST_FILE = MyNotes/Info.plist;
				LD_RUNPATH_SEARCH_PATHS = (
					"$(inherited)",
					"@executable_path/Frameworks",
				);
				PRODUCT_BUNDLE_IDENTIFIER = saks.com.MyNotes;
				PRODUCT_NAME = "$(TARGET_NAME)";
				SWIFT_VERSION = 5.0;
				TARGETED_DEVICE_FAMILY = "1,2";
			};
			name = Release;
		};
		5F643B3027080FB000328B2B /* Debug */ = {
			isa = XCBuildConfiguration;
			buildSettings = {
				ALWAYS_EMBED_SWIFT_STANDARD_LIBRARIES = YES;
				BUNDLE_LOADER = "$(TEST_HOST)";
				CODE_SIGN_STYLE = Automatic;
				DEVELOPMENT_TEAM = S8A9HG39ZC;
				INFOPLIST_FILE = MyNotesTests/Info.plist;
				IPHONEOS_DEPLOYMENT_TARGET = 14.4;
				LD_RUNPATH_SEARCH_PATHS = (
					"$(inherited)",
					"@executable_path/Frameworks",
					"@loader_path/Frameworks",
				);
				PRODUCT_BUNDLE_IDENTIFIER = saks.com.MyNotesTests;
				PRODUCT_NAME = "$(TARGET_NAME)";
				SWIFT_VERSION = 5.0;
				TARGETED_DEVICE_FAMILY = "1,2";
				TEST_HOST = "$(BUILT_PRODUCTS_DIR)/MyNotes.app/MyNotes";
			};
			name = Debug;
		};
		5F643B3127080FB000328B2B /* Release */ = {
			isa = XCBuildConfiguration;
			buildSettings = {
				ALWAYS_EMBED_SWIFT_STANDARD_LIBRARIES = YES;
				BUNDLE_LOADER = "$(TEST_HOST)";
				CODE_SIGN_STYLE = Automatic;
				DEVELOPMENT_TEAM = S8A9HG39ZC;
				INFOPLIST_FILE = MyNotesTests/Info.plist;
				IPHONEOS_DEPLOYMENT_TARGET = 14.4;
				LD_RUNPATH_SEARCH_PATHS = (
					"$(inherited)",
					"@executable_path/Frameworks",
					"@loader_path/Frameworks",
				);
				PRODUCT_BUNDLE_IDENTIFIER = saks.com.MyNotesTests;
				PRODUCT_NAME = "$(TARGET_NAME)";
				SWIFT_VERSION = 5.0;
				TARGETED_DEVICE_FAMILY = "1,2";
				TEST_HOST = "$(BUILT_PRODUCTS_DIR)/MyNotes.app/MyNotes";
			};
			name = Release;
		};
		5F643B3327080FB000328B2B /* Debug */ = {
			isa = XCBuildConfiguration;
			buildSettings = {
				ALWAYS_EMBED_SWIFT_STANDARD_LIBRARIES = YES;
				CODE_SIGN_STYLE = Automatic;
				DEVELOPMENT_TEAM = S8A9HG39ZC;
				INFOPLIST_FILE = MyNotesUITests/Info.plist;
				LD_RUNPATH_SEARCH_PATHS = (
					"$(inherited)",
					"@executable_path/Frameworks",
					"@loader_path/Frameworks",
				);
				PRODUCT_BUNDLE_IDENTIFIER = saks.com.MyNotesUITests;
				PRODUCT_NAME = "$(TARGET_NAME)";
				SWIFT_VERSION = 5.0;
				TARGETED_DEVICE_FAMILY = "1,2";
				TEST_TARGET_NAME = MyNotes;
			};
			name = Debug;
		};
		5F643B3427080FB000328B2B /* Release */ = {
			isa = XCBuildConfiguration;
			buildSettings = {
				ALWAYS_EMBED_SWIFT_STANDARD_LIBRARIES = YES;
				CODE_SIGN_STYLE = Automatic;
				DEVELOPMENT_TEAM = S8A9HG39ZC;
				INFOPLIST_FILE = MyNotesUITests/Info.plist;
				LD_RUNPATH_SEARCH_PATHS = (
					"$(inherited)",
					"@executable_path/Frameworks",
					"@loader_path/Frameworks",
				);
				PRODUCT_BUNDLE_IDENTIFIER = saks.com.MyNotesUITests;
				PRODUCT_NAME = "$(TARGET_NAME)";
				SWIFT_VERSION = 5.0;
				TARGETED_DEVICE_FAMILY = "1,2";
				TEST_TARGET_NAME = MyNotes;
			};
			name = Release;
		};
/* End XCBuildConfiguration section */

/* Begin XCConfigurationList section */
		5F643AFA27080FAC00328B2B /* Build configuration list for PBXProject "MyNotes" */ = {
			isa = XCConfigurationList;
			buildConfigurations = (
				5F643B2A27080FB000328B2B /* Debug */,
				5F643B2B27080FB000328B2B /* Release */,
			);
			defaultConfigurationIsVisible = 0;
			defaultConfigurationName = Release;
		};
		5F643B2C27080FB000328B2B /* Build configuration list for PBXNativeTarget "MyNotes" */ = {
			isa = XCConfigurationList;
			buildConfigurations = (
				5F643B2D27080FB000328B2B /* Debug */,
				5F643B2E27080FB000328B2B /* Release */,
			);
			defaultConfigurationIsVisible = 0;
			defaultConfigurationName = Release;
		};
		5F643B2F27080FB000328B2B /* Build configuration list for PBXNativeTarget "MyNotesTests" */ = {
			isa = XCConfigurationList;
			buildConfigurations = (
				5F643B3027080FB000328B2B /* Debug */,
				5F643B3127080FB000328B2B /* Release */,
			);
			defaultConfigurationIsVisible = 0;
			defaultConfigurationName = Release;
		};
		5F643B3227080FB000328B2B /* Build configuration list for PBXNativeTarget "MyNotesUITests" */ = {
			isa = XCConfigurationList;
			buildConfigurations = (
				5F643B3327080FB000328B2B /* Debug */,
				5F643B3427080FB000328B2B /* Release */,
			);
			defaultConfigurationIsVisible = 0;
			defaultConfigurationName = Release;
		};
/* End XCConfigurationList section */

/* Begin XCVersionGroup section */
		5F643B0B27080FAC00328B2B /* MyNotes.xcdatamodeld */ = {
			isa = XCVersionGroup;
			children = (
				5F643B0C27080FAC00328B2B /* MyNotes.xcdatamodel */,
			);
			currentVersion = 5F643B0C27080FAC00328B2B /* MyNotes.xcdatamodel */;
			path = MyNotes.xcdatamodeld;
			sourceTree = "<group>";
			versionGroupType = wrapper.xcdatamodel;
		};
/* End XCVersionGroup section */
	};
	rootObject = 5F643AF727080FAC00328B2B /* Project object */;
}
